// !$*UTF8*$!
{
	archiveVersion = 1;
	classes = {
	};
	objectVersion = 51;
	objects = {

/* Begin PBXBuildFile section */
		561D47CC251C675400A74136 /* NetworkService.swift in Sources */ = {isa = PBXBuildFile; fileRef = 561D47CB251C675400A74136 /* NetworkService.swift */; };
		561D47CE251C875200A74136 /* Status.swift in Sources */ = {isa = PBXBuildFile; fileRef = 561D47CD251C875200A74136 /* Status.swift */; };
		5653DA982521D26C00001037 /* RxNetworkService.swift in Sources */ = {isa = PBXBuildFile; fileRef = 5653DA972521D26C00001037 /* RxNetworkService.swift */; };
		56B13DED251A2E240020C0B9 /* AppDelegate.swift in Sources */ = {isa = PBXBuildFile; fileRef = 56B13DEC251A2E240020C0B9 /* AppDelegate.swift */; };
		56B13DEF251A2E240020C0B9 /* SceneDelegate.swift in Sources */ = {isa = PBXBuildFile; fileRef = 56B13DEE251A2E240020C0B9 /* SceneDelegate.swift */; };
		56B13DF1251A2E240020C0B9 /* MainViewController.swift in Sources */ = {isa = PBXBuildFile; fileRef = 56B13DF0251A2E240020C0B9 /* MainViewController.swift */; };
		56B13DF6251A2E290020C0B9 /* Assets.xcassets in Resources */ = {isa = PBXBuildFile; fileRef = 56B13DF5251A2E290020C0B9 /* Assets.xcassets */; };
		56B13DF9251A2E290020C0B9 /* LaunchScreen.storyboard in Resources */ = {isa = PBXBuildFile; fileRef = 56B13DF7251A2E290020C0B9 /* LaunchScreen.storyboard */; };
		56B13E01251A2FE20020C0B9 /* Country.swift in Sources */ = {isa = PBXBuildFile; fileRef = 56B13E00251A2FE20020C0B9 /* Country.swift */; };
		56B13E10251B08C10020C0B9 /* MainViewModel.swift in Sources */ = {isa = PBXBuildFile; fileRef = 56B13E0F251B08C10020C0B9 /* MainViewModel.swift */; };
		56B13E12251B14350020C0B9 /* ModuleBuilder.swift in Sources */ = {isa = PBXBuildFile; fileRef = 56B13E11251B14350020C0B9 /* ModuleBuilder.swift */; };
		56B13E14251B1C430020C0B9 /* MainView.swift in Sources */ = {isa = PBXBuildFile; fileRef = 56B13E13251B1C430020C0B9 /* MainView.swift */; };
		56B13E16251B1C760020C0B9 /* MainView + Extension.swift in Sources */ = {isa = PBXBuildFile; fileRef = 56B13E15251B1C760020C0B9 /* MainView + Extension.swift */; };
		56B13E1E251B414A0020C0B9 /* DetailedViewController.swift in Sources */ = {isa = PBXBuildFile; fileRef = 56B13E1D251B414A0020C0B9 /* DetailedViewController.swift */; };
		56B13E20251B41990020C0B9 /* DetailedViewModel.swift in Sources */ = {isa = PBXBuildFile; fileRef = 56B13E1F251B41990020C0B9 /* DetailedViewModel.swift */; };
		56B13E28251B64BC0020C0B9 /* DetailedViewData.swift in Sources */ = {isa = PBXBuildFile; fileRef = 56B13E27251B64BC0020C0B9 /* DetailedViewData.swift */; };
		56B13E2A251B64D80020C0B9 /* DetailedView.swift in Sources */ = {isa = PBXBuildFile; fileRef = 56B13E29251B64D80020C0B9 /* DetailedView.swift */; };
		56B13E2C251B64FA0020C0B9 /* DetailedView + Extension.swift in Sources */ = {isa = PBXBuildFile; fileRef = 56B13E2B251B64FA0020C0B9 /* DetailedView + Extension.swift */; };
		77E9AC7BA8ED0F65E0E161C0 /* Pods_CoronaVirus.framework in Frameworks */ = {isa = PBXBuildFile; fileRef = 7F7DFD1F1D492729F5A5EA96 /* Pods_CoronaVirus.framework */; };
/* End PBXBuildFile section */

/* Begin PBXFileReference section */
		15D0330AAE11D34EC4A2F2E5 /* Pods-CoronaVirus.release.xcconfig */ = {isa = PBXFileReference; includeInIndex = 1; lastKnownFileType = text.xcconfig; name = "Pods-CoronaVirus.release.xcconfig"; path = "Target Support Files/Pods-CoronaVirus/Pods-CoronaVirus.release.xcconfig"; sourceTree = "<group>"; };
		561D47CB251C675400A74136 /* NetworkService.swift */ = {isa = PBXFileReference; lastKnownFileType = sourcecode.swift; path = NetworkService.swift; sourceTree = "<group>"; };
		561D47CD251C875200A74136 /* Status.swift */ = {isa = PBXFileReference; lastKnownFileType = sourcecode.swift; path = Status.swift; sourceTree = "<group>"; };
		5653DA972521D26C00001037 /* RxNetworkService.swift */ = {isa = PBXFileReference; lastKnownFileType = sourcecode.swift; path = RxNetworkService.swift; sourceTree = "<group>"; };
		56B13DE9251A2E240020C0B9 /* CoronaVirus.app */ = {isa = PBXFileReference; explicitFileType = wrapper.application; includeInIndex = 0; path = CoronaVirus.app; sourceTree = BUILT_PRODUCTS_DIR; };
		56B13DEC251A2E240020C0B9 /* AppDelegate.swift */ = {isa = PBXFileReference; lastKnownFileType = sourcecode.swift; path = AppDelegate.swift; sourceTree = "<group>"; };
		56B13DEE251A2E240020C0B9 /* SceneDelegate.swift */ = {isa = PBXFileReference; lastKnownFileType = sourcecode.swift; path = SceneDelegate.swift; sourceTree = "<group>"; };
		56B13DF0251A2E240020C0B9 /* MainViewController.swift */ = {isa = PBXFileReference; lastKnownFileType = sourcecode.swift; path = MainViewController.swift; sourceTree = "<group>"; };
		56B13DF5251A2E290020C0B9 /* Assets.xcassets */ = {isa = PBXFileReference; lastKnownFileType = folder.assetcatalog; path = Assets.xcassets; sourceTree = "<group>"; };
		56B13DF8251A2E290020C0B9 /* Base */ = {isa = PBXFileReference; lastKnownFileType = file.storyboard; name = Base; path = Base.lproj/LaunchScreen.storyboard; sourceTree = "<group>"; };
		56B13DFA251A2E290020C0B9 /* Info.plist */ = {isa = PBXFileReference; lastKnownFileType = text.plist.xml; path = Info.plist; sourceTree = "<group>"; };
		56B13E00251A2FE20020C0B9 /* Country.swift */ = {isa = PBXFileReference; lastKnownFileType = sourcecode.swift; path = Country.swift; sourceTree = "<group>"; };
		56B13E0F251B08C10020C0B9 /* MainViewModel.swift */ = {isa = PBXFileReference; lastKnownFileType = sourcecode.swift; path = MainViewModel.swift; sourceTree = "<group>"; };
		56B13E11251B14350020C0B9 /* ModuleBuilder.swift */ = {isa = PBXFileReference; lastKnownFileType = sourcecode.swift; path = ModuleBuilder.swift; sourceTree = "<group>"; };
		56B13E13251B1C430020C0B9 /* MainView.swift */ = {isa = PBXFileReference; lastKnownFileType = sourcecode.swift; path = MainView.swift; sourceTree = "<group>"; };
		56B13E15251B1C760020C0B9 /* MainView + Extension.swift */ = {isa = PBXFileReference; lastKnownFileType = sourcecode.swift; path = "MainView + Extension.swift"; sourceTree = "<group>"; };
		56B13E1D251B414A0020C0B9 /* DetailedViewController.swift */ = {isa = PBXFileReference; lastKnownFileType = sourcecode.swift; path = DetailedViewController.swift; sourceTree = "<group>"; };
		56B13E1F251B41990020C0B9 /* DetailedViewModel.swift */ = {isa = PBXFileReference; lastKnownFileType = sourcecode.swift; path = DetailedViewModel.swift; sourceTree = "<group>"; };
		56B13E27251B64BC0020C0B9 /* DetailedViewData.swift */ = {isa = PBXFileReference; lastKnownFileType = sourcecode.swift; path = DetailedViewData.swift; sourceTree = "<group>"; };
		56B13E29251B64D80020C0B9 /* DetailedView.swift */ = {isa = PBXFileReference; lastKnownFileType = sourcecode.swift; path = DetailedView.swift; sourceTree = "<group>"; };
		56B13E2B251B64FA0020C0B9 /* DetailedView + Extension.swift */ = {isa = PBXFileReference; lastKnownFileType = sourcecode.swift; path = "DetailedView + Extension.swift"; sourceTree = "<group>"; };
		6C79507B9B60C2E3D0CB9E0F /* Pods-CoronaVirus.debug.xcconfig */ = {isa = PBXFileReference; includeInIndex = 1; lastKnownFileType = text.xcconfig; name = "Pods-CoronaVirus.debug.xcconfig"; path = "Target Support Files/Pods-CoronaVirus/Pods-CoronaVirus.debug.xcconfig"; sourceTree = "<group>"; };
		7F7DFD1F1D492729F5A5EA96 /* Pods_CoronaVirus.framework */ = {isa = PBXFileReference; explicitFileType = wrapper.framework; includeInIndex = 0; path = Pods_CoronaVirus.framework; sourceTree = BUILT_PRODUCTS_DIR; };
/* End PBXFileReference section */

/* Begin PBXFrameworksBuildPhase section */
		56B13DE6251A2E240020C0B9 /* Frameworks */ = {
			isa = PBXFrameworksBuildPhase;
			buildActionMask = 2147483647;
			files = (
				77E9AC7BA8ED0F65E0E161C0 /* Pods_CoronaVirus.framework in Frameworks */,
			);
			runOnlyForDeploymentPostprocessing = 0;
		};
/* End PBXFrameworksBuildPhase section */

/* Begin PBXGroup section */
		561D47CA251C674100A74136 /* Services */ = {
			isa = PBXGroup;
			children = (
				561D47CB251C675400A74136 /* NetworkService.swift */,
				5653DA972521D26C00001037 /* RxNetworkService.swift */,
			);
			path = Services;
			sourceTree = "<group>";
		};
		56B13DE0251A2E240020C0B9 = {
			isa = PBXGroup;
			children = (
				56B13DEB251A2E240020C0B9 /* CoronaVirus */,
				56B13DEA251A2E240020C0B9 /* Products */,
				DF6DDFA98DF3C83BD0D79675 /* Pods */,
				B5FD1CDE8075547BF074A3D6 /* Frameworks */,
			);
			sourceTree = "<group>";
		};
		56B13DEA251A2E240020C0B9 /* Products */ = {
			isa = PBXGroup;
			children = (
				56B13DE9251A2E240020C0B9 /* CoronaVirus.app */,
			);
			name = Products;
			sourceTree = "<group>";
		};
		56B13DEB251A2E240020C0B9 /* CoronaVirus */ = {
			isa = PBXGroup;
			children = (
				56B13DEC251A2E240020C0B9 /* AppDelegate.swift */,
				56B13DEE251A2E240020C0B9 /* SceneDelegate.swift */,
				56B13E11251B14350020C0B9 /* ModuleBuilder.swift */,
				561D47CA251C674100A74136 /* Services */,
				56B13E17251B407D0020C0B9 /* SecondModule */,
				56B13E0D251B08A30020C0B9 /* MainModule */,
				56B13DF5251A2E290020C0B9 /* Assets.xcassets */,
				56B13DF7251A2E290020C0B9 /* LaunchScreen.storyboard */,
				56B13DFA251A2E290020C0B9 /* Info.plist */,
			);
			path = CoronaVirus;
			sourceTree = "<group>";
		};
		56B13E02251A31E70020C0B9 /* Model */ = {
			isa = PBXGroup;
			children = (
				56B13E00251A2FE20020C0B9 /* Country.swift */,
			);
			path = Model;
			sourceTree = "<group>";
		};
		56B13E0C251B08990020C0B9 /* View */ = {
			isa = PBXGroup;
			children = (
				56B13DF0251A2E240020C0B9 /* MainViewController.swift */,
				56B13E13251B1C430020C0B9 /* MainView.swift */,
				56B13E15251B1C760020C0B9 /* MainView + Extension.swift */,
			);
			path = View;
			sourceTree = "<group>";
		};
		56B13E0D251B08A30020C0B9 /* MainModule */ = {
			isa = PBXGroup;
			children = (
				56B13E0E251B08AA0020C0B9 /* ViewModel */,
				56B13E0C251B08990020C0B9 /* View */,
				56B13E02251A31E70020C0B9 /* Model */,
			);
			path = MainModule;
			sourceTree = "<group>";
		};
		56B13E0E251B08AA0020C0B9 /* ViewModel */ = {
			isa = PBXGroup;
			children = (
				56B13E0F251B08C10020C0B9 /* MainViewModel.swift */,
			);
			path = ViewModel;
			sourceTree = "<group>";
		};
		56B13E17251B407D0020C0B9 /* SecondModule */ = {
			isa = PBXGroup;
			children = (
				56B13E1A251B40920020C0B9 /* ViewModel */,
				56B13E19251B408C0020C0B9 /* View */,
				56B13E18251B40860020C0B9 /* Model */,
			);
			path = SecondModule;
			sourceTree = "<group>";
		};
		56B13E18251B40860020C0B9 /* Model */ = {
			isa = PBXGroup;
			children = (
				56B13E27251B64BC0020C0B9 /* DetailedViewData.swift */,
				561D47CD251C875200A74136 /* Status.swift */,
			);
			path = Model;
			sourceTree = "<group>";
		};
		56B13E19251B408C0020C0B9 /* View */ = {
			isa = PBXGroup;
			children = (
				56B13E1D251B414A0020C0B9 /* DetailedViewController.swift */,
				56B13E29251B64D80020C0B9 /* DetailedView.swift */,
				56B13E2B251B64FA0020C0B9 /* DetailedView + Extension.swift */,
			);
			path = View;
			sourceTree = "<group>";
		};
		56B13E1A251B40920020C0B9 /* ViewModel */ = {
			isa = PBXGroup;
			children = (
				56B13E1F251B41990020C0B9 /* DetailedViewModel.swift */,
			);
			path = ViewModel;
			sourceTree = "<group>";
		};
		B5FD1CDE8075547BF074A3D6 /* Frameworks */ = {
			isa = PBXGroup;
			children = (
				7F7DFD1F1D492729F5A5EA96 /* Pods_CoronaVirus.framework */,
			);
			name = Frameworks;
			sourceTree = "<group>";
		};
		DF6DDFA98DF3C83BD0D79675 /* Pods */ = {
			isa = PBXGroup;
			children = (
				6C79507B9B60C2E3D0CB9E0F /* Pods-CoronaVirus.debug.xcconfig */,
				15D0330AAE11D34EC4A2F2E5 /* Pods-CoronaVirus.release.xcconfig */,
			);
			path = Pods;
			sourceTree = "<group>";
		};
/* End PBXGroup section */

/* Begin PBXNativeTarget section */
		56B13DE8251A2E240020C0B9 /* CoronaVirus */ = {
			isa = PBXNativeTarget;
			buildConfigurationList = 56B13DFD251A2E290020C0B9 /* Build configuration list for PBXNativeTarget "CoronaVirus" */;
			buildPhases = (
				C2AB4E92E758151A0C7A5DD9 /* [CP] Check Pods Manifest.lock */,
				56B13DE5251A2E240020C0B9 /* Sources */,
				56B13DE6251A2E240020C0B9 /* Frameworks */,
				56B13DE7251A2E240020C0B9 /* Resources */,
				866A29E9490D0076872A6322 /* [CP] Embed Pods Frameworks */,
			);
			buildRules = (
			);
			dependencies = (
			);
			name = CoronaVirus;
			productName = CoronaVirus;
			productReference = 56B13DE9251A2E240020C0B9 /* CoronaVirus.app */;
			productType = "com.apple.product-type.application";
		};
/* End PBXNativeTarget section */

/* Begin PBXProject section */
		56B13DE1251A2E240020C0B9 /* Project object */ = {
			isa = PBXProject;
			attributes = {
				LastSwiftUpdateCheck = 1150;
				LastUpgradeCheck = 1200;
				ORGANIZATIONNAME = SergeyProkopyev;
				TargetAttributes = {
					56B13DE8251A2E240020C0B9 = {
						CreatedOnToolsVersion = 11.5;
					};
				};
			};
			buildConfigurationList = 56B13DE4251A2E240020C0B9 /* Build configuration list for PBXProject "CoronaVirus" */;
			compatibilityVersion = "Xcode 9.3";
			developmentRegion = en;
			hasScannedForEncodings = 0;
			knownRegions = (
				en,
				Base,
			);
			mainGroup = 56B13DE0251A2E240020C0B9;
			productRefGroup = 56B13DEA251A2E240020C0B9 /* Products */;
			projectDirPath = "";
			projectRoot = "";
			targets = (
				56B13DE8251A2E240020C0B9 /* CoronaVirus */,
			);
		};
/* End PBXProject section */

/* Begin PBXResourcesBuildPhase section */
		56B13DE7251A2E240020C0B9 /* Resources */ = {
			isa = PBXResourcesBuildPhase;
			buildActionMask = 2147483647;
			files = (
				56B13DF9251A2E290020C0B9 /* LaunchScreen.storyboard in Resources */,
				56B13DF6251A2E290020C0B9 /* Assets.xcassets in Resources */,
			);
			runOnlyForDeploymentPostprocessing = 0;
		};
/* End PBXResourcesBuildPhase section */

/* Begin PBXShellScriptBuildPhase section */
		866A29E9490D0076872A6322 /* [CP] Embed Pods Frameworks */ = {
			isa = PBXShellScriptBuildPhase;
			buildActionMask = 2147483647;
			files = (
			);
			inputFileListPaths = (
				"${PODS_ROOT}/Target Support Files/Pods-CoronaVirus/Pods-CoronaVirus-frameworks-${CONFIGURATION}-input-files.xcfilelist",
			);
			name = "[CP] Embed Pods Frameworks";
			outputFileListPaths = (
				"${PODS_ROOT}/Target Support Files/Pods-CoronaVirus/Pods-CoronaVirus-frameworks-${CONFIGURATION}-output-files.xcfilelist",
			);
			runOnlyForDeploymentPostprocessing = 0;
			shellPath = /bin/sh;
			shellScript = "\"${PODS_ROOT}/Target Support Files/Pods-CoronaVirus/Pods-CoronaVirus-frameworks.sh\"\n";
			showEnvVarsInLog = 0;
		};
		C2AB4E92E758151A0C7A5DD9 /* [CP] Check Pods Manifest.lock */ = {
			isa = PBXShellScriptBuildPhase;
			buildActionMask = 2147483647;
			files = (
			);
			inputFileListPaths = (
			);
			inputPaths = (
				"${PODS_PODFILE_DIR_PATH}/Podfile.lock",
				"${PODS_ROOT}/Manifest.lock",
			);
			name = "[CP] Check Pods Manifest.lock";
			outputFileListPaths = (
			);
			outputPaths = (
				"$(DERIVED_FILE_DIR)/Pods-CoronaVirus-checkManifestLockResult.txt",
			);
			runOnlyForDeploymentPostprocessing = 0;
			shellPath = /bin/sh;
			shellScript = "diff \"${PODS_PODFILE_DIR_PATH}/Podfile.lock\" \"${PODS_ROOT}/Manifest.lock\" > /dev/null\nif [ $? != 0 ] ; then\n    # print error to STDERR\n    echo \"error: The sandbox is not in sync with the Podfile.lock. Run 'pod install' or update your CocoaPods installation.\" >&2\n    exit 1\nfi\n# This output is used by Xcode 'outputs' to avoid re-running this script phase.\necho \"SUCCESS\" > \"${SCRIPT_OUTPUT_FILE_0}\"\n";
			showEnvVarsInLog = 0;
		};
/* End PBXShellScriptBuildPhase section */

/* Begin PBXSourcesBuildPhase section */
		56B13DE5251A2E240020C0B9 /* Sources */ = {
			isa = PBXSourcesBuildPhase;
			buildActionMask = 2147483647;
			files = (
				56B13E10251B08C10020C0B9 /* MainViewModel.swift in Sources */,
				56B13E14251B1C430020C0B9 /* MainView.swift in Sources */,
				56B13E01251A2FE20020C0B9 /* Country.swift in Sources */,
				56B13E2A251B64D80020C0B9 /* DetailedView.swift in Sources */,
				56B13DF1251A2E240020C0B9 /* MainViewController.swift in Sources */,
				56B13DED251A2E240020C0B9 /* AppDelegate.swift in Sources */,
				5653DA982521D26C00001037 /* RxNetworkService.swift in Sources */,
				561D47CC251C675400A74136 /* NetworkService.swift in Sources */,
				56B13E28251B64BC0020C0B9 /* DetailedViewData.swift in Sources */,
				56B13E16251B1C760020C0B9 /* MainView + Extension.swift in Sources */,
				56B13E20251B41990020C0B9 /* DetailedViewModel.swift in Sources */,
				56B13DEF251A2E240020C0B9 /* SceneDelegate.swift in Sources */,
				561D47CE251C875200A74136 /* Status.swift in Sources */,
				56B13E2C251B64FA0020C0B9 /* DetailedView + Extension.swift in Sources */,
				56B13E1E251B414A0020C0B9 /* DetailedViewController.swift in Sources */,
				56B13E12251B14350020C0B9 /* ModuleBuilder.swift in Sources */,
			);
			runOnlyForDeploymentPostprocessing = 0;
		};
/* End PBXSourcesBuildPhase section */

/* Begin PBXVariantGroup section */
		56B13DF7251A2E290020C0B9 /* LaunchScreen.storyboard */ = {
			isa = PBXVariantGroup;
			children = (
				56B13DF8251A2E290020C0B9 /* Base */,
			);
			name = LaunchScreen.storyboard;
			sourceTree = "<group>";
		};
/* End PBXVariantGroup section */

/* Begin XCBuildConfiguration section */
		56B13DFB251A2E290020C0B9 /* Debug */ = {
			isa = XCBuildConfiguration;
			buildSettings = {
				ALWAYS_SEARCH_USER_PATHS = NO;
				CLANG_ANALYZER_NONNULL = YES;
				CLANG_ANALYZER_NUMBER_OBJECT_CONVERSION = YES_AGGRESSIVE;
				CLANG_CXX_LANGUAGE_STANDARD = "gnu++14";
				CLANG_CXX_LIBRARY = "libc++";
				CLANG_ENABLE_MODULES = YES;
				CLANG_ENABLE_OBJC_ARC = YES;
				CLANG_ENABLE_OBJC_WEAK = YES;
				CLANG_WARN_BLOCK_CAPTURE_AUTORELEASING = YES;
				CLANG_WARN_BOOL_CONVERSION = YES;
				CLANG_WARN_COMMA = YES;
				CLANG_WARN_CONSTANT_CONVERSION = YES;
				CLANG_WARN_DEPRECATED_OBJC_IMPLEMENTATIONS = YES;
				CLANG_WARN_DIRECT_OBJC_ISA_USAGE = YES_ERROR;
				CLANG_WARN_DOCUMENTATION_COMMENTS = YES;
				CLANG_WARN_EMPTY_BODY = YES;
				CLANG_WARN_ENUM_CONVERSION = YES;
				CLANG_WARN_INFINITE_RECURSION = YES;
				CLANG_WARN_INT_CONVERSION = YES;
				CLANG_WARN_NON_LITERAL_NULL_CONVERSION = YES;
				CLANG_WARN_OBJC_IMPLICIT_RETAIN_SELF = YES;
				CLANG_WARN_OBJC_LITERAL_CONVERSION = YES;
				CLANG_WARN_OBJC_ROOT_CLASS = YES_ERROR;
				CLANG_WARN_QUOTED_INCLUDE_IN_FRAMEWORK_HEADER = YES;
				CLANG_WARN_RANGE_LOOP_ANALYSIS = YES;
				CLANG_WARN_STRICT_PROTOTYPES = YES;
				CLANG_WARN_SUSPICIOUS_MOVE = YES;
				CLANG_WARN_UNGUARDED_AVAILABILITY = YES_AGGRESSIVE;
				CLANG_WARN_UNREACHABLE_CODE = YES;
				CLANG_WARN__DUPLICATE_METHOD_MATCH = YES;
				COPY_PHASE_STRIP = NO;
				DEBUG_INFORMATION_FORMAT = dwarf;
				ENABLE_STRICT_OBJC_MSGSEND = YES;
				ENABLE_TESTABILITY = YES;
				GCC_C_LANGUAGE_STANDARD = gnu11;
				GCC_DYNAMIC_NO_PIC = NO;
				GCC_NO_COMMON_BLOCKS = YES;
				GCC_OPTIMIZATION_LEVEL = 0;
				GCC_PREPROCESSOR_DEFINITIONS = (
					"DEBUG=1",
					"$(inherited)",
				);
				GCC_WARN_64_TO_32_BIT_CONVERSION = YES;
				GCC_WARN_ABOUT_RETURN_TYPE = YES_ERROR;
				GCC_WARN_UNDECLARED_SELECTOR = YES;
				GCC_WARN_UNINITIALIZED_AUTOS = YES_AGGRESSIVE;
				GCC_WARN_UNUSED_FUNCTION = YES;
				GCC_WARN_UNUSED_VARIABLE = YES;
				IPHONEOS_DEPLOYMENT_TARGET = 13.5;
				MTL_ENABLE_DEBUG_INFO = INCLUDE_SOURCE;
				MTL_FAST_MATH = YES;
				ONLY_ACTIVE_ARCH = YES;
				SDKROOT = iphoneos;
				SWIFT_ACTIVE_COMPILATION_CONDITIONS = DEBUG;
				SWIFT_OPTIMIZATION_LEVEL = "-Onone";
			};
			name = Debug;
		};
		56B13DFC251A2E290020C0B9 /* Release */ = {
			isa = XCBuildConfiguration;
			buildSettings = {
				ALWAYS_SEARCH_USER_PATHS = NO;
				CLANG_ANALYZER_NONNULL = YES;
				CLANG_ANALYZER_NUMBER_OBJECT_CONVERSION = YES_AGGRESSIVE;
				CLANG_CXX_LANGUAGE_STANDARD = "gnu++14";
				CLANG_CXX_LIBRARY = "libc++";
				CLANG_ENABLE_MODULES = YES;
				CLANG_ENABLE_OBJC_ARC = YES;
				CLANG_ENABLE_OBJC_WEAK = YES;
				CLANG_WARN_BLOCK_CAPTURE_AUTORELEASING = YES;
				CLANG_WARN_BOOL_CONVERSION = YES;
				CLANG_WARN_COMMA = YES;
				CLANG_WARN_CONSTANT_CONVERSION = YES;
				CLANG_WARN_DEPRECATED_OBJC_IMPLEMENTATIONS = YES;
				CLANG_WARN_DIRECT_OBJC_ISA_USAGE = YES_ERROR;
				CLANG_WARN_DOCUMENTATION_COMMENTS = YES;
				CLANG_WARN_EMPTY_BODY = YES;
				CLANG_WARN_ENUM_CONVERSION = YES;
				CLANG_WARN_INFINITE_RECURSION = YES;
				CLANG_WARN_INT_CONVERSION = YES;
				CLANG_WARN_NON_LITERAL_NULL_CONVERSION = YES;
				CLANG_WARN_OBJC_IMPLICIT_RETAIN_SELF = YES;
				CLANG_WARN_OBJC_LITERAL_CONVERSION = YES;
				CLANG_WARN_OBJC_ROOT_CLASS = YES_ERROR;
				CLANG_WARN_QUOTED_INCLUDE_IN_FRAMEWORK_HEADER = YES;
				CLANG_WARN_RANGE_LOOP_ANALYSIS = YES;
				CLANG_WARN_STRICT_PROTOTYPES = YES;
				CLANG_WARN_SUSPICIOUS_MOVE = YES;
				CLANG_WARN_UNGUARDED_AVAILABILITY = YES_AGGRESSIVE;
				CLANG_WARN_UNREACHABLE_CODE = YES;
				CLANG_WARN__DUPLICATE_METHOD_MATCH = YES;
				COPY_PHASE_STRIP = NO;
				DEBUG_INFORMATION_FORMAT = "dwarf-with-dsym";
				ENABLE_NS_ASSERTIONS = NO;
				ENABLE_STRICT_OBJC_MSGSEND = YES;
				GCC_C_LANGUAGE_STANDARD = gnu11;
				GCC_NO_COMMON_BLOCKS = YES;
				GCC_WARN_64_TO_32_BIT_CONVERSION = YES;
				GCC_WARN_ABOUT_RETURN_TYPE = YES_ERROR;
				GCC_WARN_UNDECLARED_SELECTOR = YES;
				GCC_WARN_UNINITIALIZED_AUTOS = YES_AGGRESSIVE;
				GCC_WARN_UNUSED_FUNCTION = YES;
				GCC_WARN_UNUSED_VARIABLE = YES;
				IPHONEOS_DEPLOYMENT_TARGET = 13.5;
				MTL_ENABLE_DEBUG_INFO = NO;
				MTL_FAST_MATH = YES;
				SDKROOT = iphoneos;
				SWIFT_COMPILATION_MODE = wholemodule;
				SWIFT_OPTIMIZATION_LEVEL = "-O";
				VALIDATE_PRODUCT = YES;
			};
			name = Release;
		};
		56B13DFE251A2E290020C0B9 /* Debug */ = {
			isa = XCBuildConfiguration;
			baseConfigurationReference = 6C79507B9B60C2E3D0CB9E0F /* Pods-CoronaVirus.debug.xcconfig */;
			buildSettings = {
				ASSETCATALOG_COMPILER_APPICON_NAME = AppIcon;
				CODE_SIGN_STYLE = Automatic;
				DEVELOPMENT_TEAM = KMJG654R42;
				INFOPLIST_FILE = CoronaVirus/Info.plist;
				LD_RUNPATH_SEARCH_PATHS = (
					"$(inherited)",
					"@executable_path/Frameworks",
				);
				PRODUCT_BUNDLE_IDENTIFIER = ru.SergeyProkopyev.CoronaVirus;
				PRODUCT_NAME = "$(TARGET_NAME)";
				SWIFT_VERSION = 5.0;
				TARGETED_DEVICE_FAMILY = 1;
			};
			name = Debug;
		};
		56B13DFF251A2E290020C0B9 /* Release */ = {
			isa = XCBuildConfiguration;
			baseConfigurationReference = 15D0330AAE11D34EC4A2F2E5 /* Pods-CoronaVirus.release.xcconfig */;
			buildSettings = {
				ASSETCATALOG_COMPILER_APPICON_NAME = AppIcon;
				CODE_SIGN_STYLE = Automatic;
				DEVELOPMENT_TEAM = KMJG654R42;
				INFOPLIST_FILE = CoronaVirus/Info.plist;
				LD_RUNPATH_SEARCH_PATHS = (
					"$(inherited)",
					"@executable_path/Frameworks",
				);
				PRODUCT_BUNDLE_IDENTIFIER = ru.SergeyProkopyev.CoronaVirus;
				PRODUCT_NAME = "$(TARGET_NAME)";
				SWIFT_VERSION = 5.0;
				TARGETED_DEVICE_FAMILY = 1;
			};
			name = Release;
		};
/* End XCBuildConfiguration section */

/* Begin XCConfigurationList section */
		56B13DE4251A2E240020C0B9 /* Build configuration list for PBXProject "CoronaVirus" */ = {
			isa = XCConfigurationList;
			buildConfigurations = (
				56B13DFB251A2E290020C0B9 /* Debug */,
				56B13DFC251A2E290020C0B9 /* Release */,
			);
			defaultConfigurationIsVisible = 0;
			defaultConfigurationName = Release;
		};
		56B13DFD251A2E290020C0B9 /* Build configuration list for PBXNativeTarget "CoronaVirus" */ = {
			isa = XCConfigurationList;
			buildConfigurations = (
				56B13DFE251A2E290020C0B9 /* Debug */,
				56B13DFF251A2E290020C0B9 /* Release */,
			);
			defaultConfigurationIsVisible = 0;
			defaultConfigurationName = Release;
		};
/* End XCConfigurationList section */
	};
	rootObject = 56B13DE1251A2E240020C0B9 /* Project object */;
}
